{
  "name": "steamhourboostv2",
  "version": "2.3.1",
  "lockfileVersion": 1,
  "requires": true,
  "dependencies": {
    "bluebird": {
      "version": "3.5.0",
      "resolved": "https://registry.npmjs.org/bluebird/-/bluebird-3.5.0.tgz",
      "integrity": "sha1-eRQg1/VR7qKJdFOop3ZT+WYG1nw="
    },
    "coffee-script": {
      "version": "1.12.6",
      "resolved": "https://registry.npmjs.org/coffee-script/-/coffee-script-1.12.6.tgz",
      "integrity": "sha1-KFo/cRVokGUGTWv570Vy22ZpXL8="
    },
    "inquirer": {
      "version": "1.2.3",
      "resolved": "https://registry.npmjs.org/inquirer/-/inquirer-1.2.3.tgz",
      "integrity": "sha1-TexvMvN+97sLLtPx0aXD9UUHSRg="
    },
    "jsonfile": {
      "version": "2.4.0",
      "resolved": "https://registry.npmjs.org/jsonfile/-/jsonfile-2.4.0.tgz",
      "integrity": "sha1-NzaitCi4e72gzIO1P6PWM6NcKug="
    },
    "lodash": {
      "version": "4.17.13",
      "resolved": "https://registry.npmjs.org/lodash/-/lodash-4.17.13.tgz",
      "integrity": "sha512-vm3/XWXfWtRua0FkUyEHBZy8kCPjErNBT9fJx8Zvs+U6zjqPbTUOpkaoum3O5uiA8sm+yNMHXfYkTUHFoMxFNA=="
    },
    "moment": {
      "version": "2.18.1",
      "resolved": "https://registry.npmjs.org/moment/-/moment-2.18.1.tgz",
      "integrity": "sha1-w2GT3Tzhwu7SrbfIAtu8d6gbHA8="
    },
    "ramda": {
      "version": "0.22.1",
      "resolved": "https://registry.npmjs.org/ramda/-/ramda-0.22.1.tgz",
      "integrity": "sha1-Ax2gw99BfFszyWI0dX6zcDPzag4="
    },
    "steam-totp": {
      "version": "1.4.1",
      "resolved": "https://registry.npmjs.org/steam-totp/-/steam-totp-1.4.1.tgz",
      "integrity": "sha512-twKcFUYBvsV3DhStW1XavjMiQqa5ALmGJEcTAf45N8YeZyMqQS6W9w80CtxaJzlH04HnxzvLzKSFQULae6JrRw=="
    },
    "steam-user": {
      "version": "3.21.4",
      "resolved": "https://registry.npmjs.org/steam-user/-/steam-user-3.21.4.tgz",
      "integrity": "sha512-Q7ijRni2caK25qMp+2c1Ftd94G3iKW2kkD+kXuMuJI1aYD93/cIWADkpwhP6XGb5RAD47el3h5Q2zg4wUENxQQ=="
    },
    "string": {
      "version": "3.3.3",
      "resolved": "https://registry.npmjs.org/string/-/string-3.3.3.tgz",
      "integrity": "sha1-XqIRzZLSKOGEKUmQpsyXs2anfLA="
    },
    "telegraf": {
      "version": "2.9.2",
      "resolved": "https://registry.npmjs.org/telegraf/-/telegraf-2.9.2.tgz",
      "integrity": "sha1-nOs3FtB/IdFpFBBGa/Vh1kDuLUA="
    },
    "telegraf-flow": {
      "version": "4.2.0",
      "resolved": "https://registry.npmjs.org/telegraf-flow/-/telegraf-flow-4.2.0.tgz",
      "integrity": "sha1-BGL2B/BqTYfRLopD/pLv+oRz3EQ="
    }
  }
}
